// !$*UTF8*$!
{
	archiveVersion = 1;
	classes = {
	};
	objectVersion = 46;
	objects = {

/* Begin PBXBuildFile section */
		EA579F0C17CECAA100CED0BB /* Foundation.framework in Frameworks */ = {isa = PBXBuildFile; fileRef = EA579F0B17CECAA100CED0BB /* Foundation.framework */; };
		EA579F0E17CECAA100CED0BB /* CoreGraphics.framework in Frameworks */ = {isa = PBXBuildFile; fileRef = EA579F0D17CECAA100CED0BB /* CoreGraphics.framework */; };
		EA579F1017CECAA100CED0BB /* UIKit.framework in Frameworks */ = {isa = PBXBuildFile; fileRef = EA579F0F17CECAA100CED0BB /* UIKit.framework */; };
		EA579F1617CECAA100CED0BB /* InfoPlist.strings in Resources */ = {isa = PBXBuildFile; fileRef = EA579F1417CECAA100CED0BB /* InfoPlist.strings */; };
		EA579F1817CECAA100CED0BB /* main.m in Sources */ = {isa = PBXBuildFile; fileRef = EA579F1717CECAA100CED0BB /* main.m */; };
		EA579F1C17CECAA200CED0BB /* BNRAppDelegate.m in Sources */ = {isa = PBXBuildFile; fileRef = EA579F1B17CECAA200CED0BB /* BNRAppDelegate.m */; };
		EA579F1E17CECAA200CED0BB /* Images.xcassets in Resources */ = {isa = PBXBuildFile; fileRef = EA579F1D17CECAA200CED0BB /* Images.xcassets */; };
		EA579F2517CECAA200CED0BB /* XCTest.framework in Frameworks */ = {isa = PBXBuildFile; fileRef = EA579F2417CECAA200CED0BB /* XCTest.framework */; };
		EA579F2617CECAA200CED0BB /* Foundation.framework in Frameworks */ = {isa = PBXBuildFile; fileRef = EA579F0B17CECAA100CED0BB /* Foundation.framework */; };
		EA579F2717CECAA200CED0BB /* UIKit.framework in Frameworks */ = {isa = PBXBuildFile; fileRef = EA579F0F17CECAA100CED0BB /* UIKit.framework */; };
		EA579F2F17CECAA200CED0BB /* InfoPlist.strings in Resources */ = {isa = PBXBuildFile; fileRef = EA579F2D17CECAA200CED0BB /* InfoPlist.strings */; };
		EA579F3117CECAA200CED0BB /* BlockyTests.m in Sources */ = {isa = PBXBuildFile; fileRef = EA579F3017CECAA200CED0BB /* BlockyTests.m */; };
		EA579F3C17CECEBF00CED0BB /* BNRExecutor.m in Sources */ = {isa = PBXBuildFile; fileRef = EA579F3B17CECEB600CED0BB /* BNRExecutor.m */; };
/* End PBXBuildFile section */

/* Begin PBXContainerItemProxy section */
		EA579F2817CECAA200CED0BB /* PBXContainerItemProxy */ = {
			isa = PBXContainerItemProxy;
			containerPortal = EA579F0017CECAA100CED0BB /* Project object */;
			proxyType = 1;
			remoteGlobalIDString = EA579F0717CECAA100CED0BB;
			remoteInfo = Blocky;
		};
/* End PBXContainerItemProxy section */

/* Begin PBXFileReference section */
		EA579F0817CECAA100CED0BB /* Blocky.app */ = {isa = PBXFileReference; explicitFileType = wrapper.application; includeInIndex = 0; path = Blocky.app; sourceTree = BUILT_PRODUCTS_DIR; };
		EA579F0B17CECAA100CED0BB /* Foundation.framework */ = {isa = PBXFileReference; lastKnownFileType = wrapper.framework; name = Foundation.framework; path = System/Library/Frameworks/Foundation.framework; sourceTree = SDKROOT; };
		EA579F0D17CECAA100CED0BB /* CoreGraphics.framework */ = {isa = PBXFileReference; lastKnownFileType = wrapper.framework; name = CoreGraphics.framework; path = System/Library/Frameworks/CoreGraphics.framework; sourceTree = SDKROOT; };
		EA579F0F17CECAA100CED0BB /* UIKit.framework */ = {isa = PBXFileReference; lastKnownFileType = wrapper.framework; name = UIKit.framework; path = System/Library/Frameworks/UIKit.framework; sourceTree = SDKROOT; };
		EA579F1317CECAA100CED0BB /* Blocky-Info.plist */ = {isa = PBXFileReference; lastKnownFileType = text.plist.xml; path = "Blocky-Info.plist"; sourceTree = "<group>"; };
		EA579F1517CECAA100CED0BB /* en */ = {isa = PBXFileReference; lastKnownFileType = text.plist.strings; name = en; path = en.lproj/InfoPlist.strings; sourceTree = "<group>"; };
		EA579F1717CECAA100CED0BB /* main.m */ = {isa = PBXFileReference; lastKnownFileType = sourcecode.c.objc; path = main.m; sourceTree = "<group>"; };
		EA579F1917CECAA100CED0BB /* Blocky-Prefix.pch */ = {isa = PBXFileReference; lastKnownFileType = sourcecode.c.h; path = "Blocky-Prefix.pch"; sourceTree = "<group>"; };
		EA579F1A17CECAA200CED0BB /* BNRAppDelegate.h */ = {isa = PBXFileReference; lastKnownFileType = sourcecode.c.h; path = BNRAppDelegate.h; sourceTree = "<group>"; };
		EA579F1B17CECAA200CED0BB /* BNRAppDelegate.m */ = {isa = PBXFileReference; lastKnownFileType = sourcecode.c.objc; path = BNRAppDelegate.m; sourceTree = "<group>"; };
		EA579F1D17CECAA200CED0BB /* Images.xcassets */ = {isa = PBXFileReference; lastKnownFileType = folder.assetcatalog; path = Images.xcassets; sourceTree = "<group>"; };
		EA579F2317CECAA200CED0BB /* BlockyTests.xctest */ = {isa = PBXFileReference; explicitFileType = wrapper.cfbundle; includeInIndex = 0; path = BlockyTests.xctest; sourceTree = BUILT_PRODUCTS_DIR; };
		EA579F2417CECAA200CED0BB /* XCTest.framework */ = {isa = PBXFileReference; lastKnownFileType = wrapper.framework; name = XCTest.framework; path = Library/Frameworks/XCTest.framework; sourceTree = DEVELOPER_DIR; };
		EA579F2C17CECAA200CED0BB /* BlockyTests-Info.plist */ = {isa = PBXFileReference; lastKnownFileType = text.plist.xml; path = "BlockyTests-Info.plist"; sourceTree = "<group>"; };
		EA579F2E17CECAA200CED0BB /* en */ = {isa = PBXFileReference; lastKnownFileType = text.plist.strings; name = en; path = en.lproj/InfoPlist.strings; sourceTree = "<group>"; };
		EA579F3017CECAA200CED0BB /* BlockyTests.m */ = {isa = PBXFileReference; lastKnownFileType = sourcecode.c.objc; path = BlockyTests.m; sourceTree = "<group>"; };
		EA579F3A17CECEB600CED0BB /* BNRExecutor.h */ = {isa = PBXFileReference; lastKnownFileType = sourcecode.c.h; name = BNRExecutor.h; path = ../BNRExecutor.h; sourceTree = "<group>"; };
		EA579F3B17CECEB600CED0BB /* BNRExecutor.m */ = {isa = PBXFileReference; lastKnownFileType = sourcecode.c.objc; name = BNRExecutor.m; path = ../BNRExecutor.m; sourceTree = "<group>"; };
/* End PBXFileReference section */

/* Begin PBXFrameworksBuildPhase section */
		EA579F0517CECAA100CED0BB /* Frameworks */ = {
			isa = PBXFrameworksBuildPhase;
			buildActionMask = 2147483647;
			files = (
				EA579F0E17CECAA100CED0BB /* CoreGraphics.framework in Frameworks */,
				EA579F1017CECAA100CED0BB /* UIKit.framework in Frameworks */,
				EA579F0C17CECAA100CED0BB /* Foundation.framework in Frameworks */,
			);
			runOnlyForDeploymentPostprocessing = 0;
		};
		EA579F2017CECAA200CED0BB /* Frameworks */ = {
			isa = PBXFrameworksBuildPhase;
			buildActionMask = 2147483647;
			files = (
				EA579F2517CECAA200CED0BB /* XCTest.framework in Frameworks */,
				EA579F2717CECAA200CED0BB /* UIKit.framework in Frameworks */,
				EA579F2617CECAA200CED0BB /* Foundation.framework in Frameworks */,
			);
			runOnlyForDeploymentPostprocessing = 0;
		};
/* End PBXFrameworksBuildPhase section */

/* Begin PBXGroup section */
		EA579EFF17CECAA100CED0BB = {
			isa = PBXGroup;
			children = (
				EA579F1117CECAA100CED0BB /* Blocky */,
				EA579F2A17CECAA200CED0BB /* BlockyTests */,
				EA579F0A17CECAA100CED0BB /* Frameworks */,
				EA579F0917CECAA100CED0BB /* Products */,
			);
			sourceTree = "<group>";
		};
		EA579F0917CECAA100CED0BB /* Products */ = {
			isa = PBXGroup;
			children = (
				EA579F0817CECAA100CED0BB /* Blocky.app */,
				EA579F2317CECAA200CED0BB /* BlockyTests.xctest */,
			);
			name = Products;
			sourceTree = "<group>";
		};
		EA579F0A17CECAA100CED0BB /* Frameworks */ = {
			isa = PBXGroup;
			children = (
				EA579F0B17CECAA100CED0BB /* Foundation.framework */,
				EA579F0D17CECAA100CED0BB /* CoreGraphics.framework */,
				EA579F0F17CECAA100CED0BB /* UIKit.framework */,
				EA579F2417CECAA200CED0BB /* XCTest.framework */,
			);
			name = Frameworks;
			sourceTree = "<group>";
		};
		EA579F1117CECAA100CED0BB /* Blocky */ = {
			isa = PBXGroup;
			children = (
				EA579F1A17CECAA200CED0BB /* BNRAppDelegate.h */,
				EA579F1B17CECAA200CED0BB /* BNRAppDelegate.m */,
				EA579F3A17CECEB600CED0BB /* BNRExecutor.h */,
				EA579F3B17CECEB600CED0BB /* BNRExecutor.m */,
				EA579F1D17CECAA200CED0BB /* Images.xcassets */,
				EA579F1217CECAA100CED0BB /* Supporting Files */,
			);
			path = Blocky;
			sourceTree = "<group>";
		};
		EA579F1217CECAA100CED0BB /* Supporting Files */ = {
			isa = PBXGroup;
			children = (
				EA579F1317CECAA100CED0BB /* Blocky-Info.plist */,
				EA579F1417CECAA100CED0BB /* InfoPlist.strings */,
				EA579F1717CECAA100CED0BB /* main.m */,
				EA579F1917CECAA100CED0BB /* Blocky-Prefix.pch */,
			);
			name = "Supporting Files";
			sourceTree = "<group>";
		};
		EA579F2A17CECAA200CED0BB /* BlockyTests */ = {
			isa = PBXGroup;
			children = (
				EA579F3017CECAA200CED0BB /* BlockyTests.m */,
				EA579F2B17CECAA200CED0BB /* Supporting Files */,
			);
			path = BlockyTests;
			sourceTree = "<group>";
		};
		EA579F2B17CECAA200CED0BB /* Supporting Files */ = {
			isa = PBXGroup;
			children = (
				EA579F2C17CECAA200CED0BB /* BlockyTests-Info.plist */,
				EA579F2D17CECAA200CED0BB /* InfoPlist.strings */,
			);
			name = "Supporting Files";
			sourceTree = "<group>";
		};
/* End PBXGroup section */

/* Begin PBXNativeTarget section */
		EA579F0717CECAA100CED0BB /* Blocky */ = {
			isa = PBXNativeTarget;
			buildConfigurationList = EA579F3417CECAA200CED0BB /* Build configuration list for PBXNativeTarget "Blocky" */;
			buildPhases = (
				EA579F0417CECAA100CED0BB /* Sources */,
				EA579F0517CECAA100CED0BB /* Frameworks */,
				EA579F0617CECAA100CED0BB /* Resources */,
			);
			buildRules = (
			);
			dependencies = (
			);
			name = Blocky;
			productName = Blocky;
			productReference = EA579F0817CECAA100CED0BB /* Blocky.app */;
			productType = "com.apple.product-type.application";
		};
		EA579F2217CECAA200CED0BB /* BlockyTests */ = {
			isa = PBXNativeTarget;
			buildConfigurationList = EA579F3717CECAA200CED0BB /* Build configuration list for PBXNativeTarget "BlockyTests" */;
			buildPhases = (
				EA579F1F17CECAA200CED0BB /* Sources */,
				EA579F2017CECAA200CED0BB /* Frameworks */,
				EA579F2117CECAA200CED0BB /* Resources */,
			);
			buildRules = (
			);
			dependencies = (
				EA579F2917CECAA200CED0BB /* PBXTargetDependency */,
			);
			name = BlockyTests;
			productName = BlockyTests;
			productReference = EA579F2317CECAA200CED0BB /* BlockyTests.xctest */;
			productType = "com.apple.product-type.bundle.unit-test";
		};
/* End PBXNativeTarget section */

/* Begin PBXProject section */
		EA579F0017CECAA100CED0BB /* Project object */ = {
			isa = PBXProject;
			attributes = {
				CLASSPREFIX = BNR;
				LastUpgradeCheck = 0500;
				ORGANIZATIONNAME = "Erin Parker";
				TargetAttributes = {
					EA579F2217CECAA200CED0BB = {
						TestTargetID = EA579F0717CECAA100CED0BB;
					};
				};
			};
			buildConfigurationList = EA579F0317CECAA100CED0BB /* Build configuration list for PBXProject "Blocky" */;
			compatibilityVersion = "Xcode 3.2";
			developmentRegion = English;
			hasScannedForEncodings = 0;
			knownRegions = (
				en,
			);
			mainGroup = EA579EFF17CECAA100CED0BB;
			productRefGroup = EA579F0917CECAA100CED0BB /* Products */;
			projectDirPath = "";
			projectRoot = "";
			targets = (
				EA579F0717CECAA100CED0BB /* Blocky */,
				EA579F2217CECAA200CED0BB /* BlockyTests */,
			);
		};
/* End PBXProject section */

/* Begin PBXResourcesBuildPhase section */
		EA579F0617CECAA100CED0BB /* Resources */ = {
			isa = PBXResourcesBuildPhase;
			buildActionMask = 2147483647;
			files = (
				EA579F1617CECAA100CED0BB /* InfoPlist.strings in Resources */,
				EA579F1E17CECAA200CED0BB /* Images.xcassets in Resources */,
			);
			runOnlyForDeploymentPostprocessing = 0;
		};
		EA579F2117CECAA200CED0BB /* Resources */ = {
			isa = PBXResourcesBuildPhase;
			buildActionMask = 2147483647;
			files = (
				EA579F2F17CECAA200CED0BB /* InfoPlist.strings in Resources */,
			);
			runOnlyForDeploymentPostprocessing = 0;
		};
/* End PBXResourcesBuildPhase section */

/* Begin PBXSourcesBuildPhase section */
		EA579F0417CECAA100CED0BB /* Sources */ = {
			isa = PBXSourcesBuildPhase;
			buildActionMask = 2147483647;
			files = (
				EA579F3C17CECEBF00CED0BB /* BNRExecutor.m in Sources */,
				EA579F1817CECAA100CED0BB /* main.m in Sources */,
				EA579F1C17CECAA200CED0BB /* BNRAppDelegate.m in Sources */,
			);
			runOnlyForDeploymentPostprocessing = 0;
		};
		EA579F1F17CECAA200CED0BB /* Sources */ = {
			isa = PBXSourcesBuildPhase;
			buildActionMask = 2147483647;
			files = (
				EA579F3117CECAA200CED0BB /* BlockyTests.m in Sources */,
			);
			runOnlyForDeploymentPostprocessing = 0;
		};
/* End PBXSourcesBuildPhase section */

/* Begin PBXTargetDependency section */
		EA579F2917CECAA200CED0BB /* PBXTargetDependency */ = {
			isa = PBXTargetDependency;
			target = EA579F0717CECAA100CED0BB /* Blocky */;
			targetProxy = EA579F2817CECAA200CED0BB /* PBXContainerItemProxy */;
		};
/* End PBXTargetDependency section */

/* Begin PBXVariantGroup section */
		EA579F1417CECAA100CED0BB /* InfoPlist.strings */ = {
			isa = PBXVariantGroup;
			children = (
				EA579F1517CECAA100CED0BB /* en */,
			);
			name = InfoPlist.strings;
			sourceTree = "<group>";
		};
		EA579F2D17CECAA200CED0BB /* InfoPlist.strings */ = {
			isa = PBXVariantGroup;
			children = (
				EA579F2E17CECAA200CED0BB /* en */,
			);
			name = InfoPlist.strings;
			sourceTree = "<group>";
		};
/* End PBXVariantGroup section */

/* Begin XCBuildConfiguration section */
		EA579F3217CECAA200CED0BB /* Debug */ = {
			isa = XCBuildConfiguration;
			buildSettings = {
				ALWAYS_SEARCH_USER_PATHS = NO;
				CLANG_CXX_LANGUAGE_STANDARD = "gnu++0x";
				CLANG_CXX_LIBRARY = "libc++";
				CLANG_ENABLE_MODULES = YES;
				CLANG_ENABLE_OBJC_ARC = YES;
				CLANG_WARN_BOOL_CONVERSION = YES;
				CLANG_WARN_CONSTANT_CONVERSION = YES;
				CLANG_WARN_DIRECT_OBJC_ISA_USAGE = YES_ERROR;
				CLANG_WARN_EMPTY_BODY = YES;
				CLANG_WARN_ENUM_CONVERSION = YES;
				CLANG_WARN_INT_CONVERSION = YES;
				CLANG_WARN_OBJC_ROOT_CLASS = YES_ERROR;
				CLANG_WARN__DUPLICATE_METHOD_MATCH = YES;
				"CODE_SIGN_IDENTITY[sdk=iphoneos*]" = "iPhone Developer";
				COPY_PHASE_STRIP = NO;
				GCC_C_LANGUAGE_STANDARD = gnu99;
				GCC_DYNAMIC_NO_PIC = NO;
				GCC_OPTIMIZATION_LEVEL = 0;
				GCC_PREPROCESSOR_DEFINITIONS = (
					"DEBUG=1",
					"$(inherited)",
				);
				GCC_SYMBOLS_PRIVATE_EXTERN = NO;
				GCC_WARN_ABOUT_RETURN_TYPE = YES_ERROR;
				GCC_WARN_UNDECLARED_SELECTOR = YES;
				GCC_WARN_UNINITIALIZED_AUTOS = YES;
				GCC_WARN_UNUSED_FUNCTION = YES;
				GCC_WARN_UNUSED_VARIABLE = YES;
				IPHONEOS_DEPLOYMENT_TARGET = 7.0;
				ONLY_ACTIVE_ARCH = YES;
				SDKROOT = iphoneos;
			};
			name = Debug;
		};
		EA579F3317CECAA200CED0BB /* Release */ = {
			isa = XCBuildConfiguration;
			buildSettings = {
				ALWAYS_SEARCH_USER_PATHS = NO;
				CLANG_CXX_LANGUAGE_STANDARD = "gnu++0x";
				CLANG_CXX_LIBRARY = "libc++";
				CLANG_ENABLE_MODULES = YES;
				CLANG_ENABLE_OBJC_ARC = YES;
				CLANG_WARN_BOOL_CONVERSION = YES;
				CLANG_WARN_CONSTANT_CONVERSION = YES;
				CLANG_WARN_DIRECT_OBJC_ISA_USAGE = YES_ERROR;
				CLANG_WARN_EMPTY_BODY = YES;
				CLANG_WARN_ENUM_CONVERSION = YES;
				CLANG_WARN_INT_CONVERSION = YES;
				CLANG_WARN_OBJC_ROOT_CLASS = YES_ERROR;
				CLANG_WARN__DUPLICATE_METHOD_MATCH = YES;
				"CODE_SIGN_IDENTITY[sdk=iphoneos*]" = "iPhone Developer";
				COPY_PHASE_STRIP = YES;
				ENABLE_NS_ASSERTIONS = NO;
				GCC_C_LANGUAGE_STANDARD = gnu99;
				GCC_WARN_ABOUT_RETURN_TYPE = YES_ERROR;
				GCC_WARN_UNDECLARED_SELECTOR = YES;
				GCC_WARN_UNINITIALIZED_AUTOS = YES;
				GCC_WARN_UNUSED_FUNCTION = YES;
				GCC_WARN_UNUSED_VARIABLE = YES;
				IPHONEOS_DEPLOYMENT_TARGET = 7.0;
				SDKROOT = iphoneos;
				VALIDATE_PRODUCT = YES;
			};
			name = Release;
		};
		EA579F3517CECAA200CED0BB /* Debug */ = {
			isa = XCBuildConfiguration;
			buildSettings = {
				ASSETCATALOG_COMPILER_APPICON_NAME = AppIcon;
				ASSETCATALOG_COMPILER_LAUNCHIMAGE_NAME = LaunchImage;
				GCC_PRECOMPILE_PREFIX_HEADER = YES;
				GCC_PREFIX_HEADER = "Blocky/Blocky-Prefix.pch";
				INFOPLIST_FILE = "Blocky/Blocky-Info.plist";
				PRODUCT_NAME = "$(TARGET_NAME)";
				WRAPPER_EXTENSION = app;
			};
			name = Debug;
		};
		EA579F3617CECAA200CED0BB /* Release */ = {
			isa = XCBuildConfiguration;
			buildSettings = {
				ASSETCATALOG_COMPILER_APPICON_NAME = AppIcon;
				ASSETCATALOG_COMPILER_LAUNCHIMAGE_NAME = LaunchImage;
				GCC_PRECOMPILE_PREFIX_HEADER = YES;
				GCC_PREFIX_HEADER = "Blocky/Blocky-Prefix.pch";
				INFOPLIST_FILE = "Blocky/Blocky-Info.plist";
				PRODUCT_NAME = "$(TARGET_NAME)";
				WRAPPER_EXTENSION = app;
			};
			name = Release;
		};
		EA579F3817CECAA200CED0BB /* Debug */ = {
			isa = XCBuildConfiguration;
			buildSettings = {
				BUNDLE_LOADER = "$(BUILT_PRODUCTS_DIR)/Blocky.app/Blocky";
				FRAMEWORK_SEARCH_PATHS = (
					"$(SDKROOT)/Developer/Library/Frameworks",
					"$(inherited)",
					"$(DEVELOPER_FRAMEWORKS_DIR)",
				);
				GCC_PRECOMPILE_PREFIX_HEADER = YES;
				GCC_PREFIX_HEADER = "Blocky/Blocky-Prefix.pch";
				GCC_PREPROCESSOR_DEFINITIONS = (
					"DEBUG=1",
					"$(inherited)",
				);
				INFOPLIST_FILE = "BlockyTests/BlockyTests-Info.plist";
				PRODUCT_NAME = "$(TARGET_NAME)";
				TEST_HOST = "$(BUNDLE_LOADER)";
				WRAPPER_EXTENSION = xctest;
			};
			name = Debug;
		};
		EA579F3917CECAA200CED0BB /* Release */ = {
			isa = XCBuildConfiguration;
			buildSettings = {
				BUNDLE_LOADER = "$(BUILT_PRODUCTS_DIR)/Blocky.app/Blocky";
				FRAMEWORK_SEARCH_PATHS = (
					"$(SDKROOT)/Developer/Library/Frameworks",
					"$(inherited)",
					"$(DEVELOPER_FRAMEWORKS_DIR)",
				);
				GCC_PRECOMPILE_PREFIX_HEADER = YES;
				GCC_PREFIX_HEADER = "Blocky/Blocky-Prefix.pch";
				INFOPLIST_FILE = "BlockyTests/BlockyTests-Info.plist";
				PRODUCT_NAME = "$(TARGET_NAME)";
				TEST_HOST = "$(BUNDLE_LOADER)";
				WRAPPER_EXTENSION = xctest;
			};
			name = Release;
		};
/* End XCBuildConfiguration section */

/* Begin XCConfigurationList section */
		EA579F0317CECAA100CED0BB /* Build configuration list for PBXProject "Blocky" */ = {
			isa = XCConfigurationList;
			buildConfigurations = (
				EA579F3217CECAA200CED0BB /* Debug */,
				EA579F3317CECAA200CED0BB /* Release */,
			);
			defaultConfigurationIsVisible = 0;
			defaultConfigurationName = Release;
		};
		EA579F3417CECAA200CED0BB /* Build configuration list for PBXNativeTarget "Blocky" */ = {
			isa = XCConfigurationList;
			buildConfigurations = (
				EA579F3517CECAA200CED0BB /* Debug */,
				EA579F3617CECAA200CED0BB /* Release */,
			);
			defaultConfigurationIsVisible = 0;
		};
		EA579F3717CECAA200CED0BB /* Build configuration list for PBXNativeTarget "BlockyTests" */ = {
			isa = XCConfigurationList;
			buildConfigurations = (
				EA579F3817CECAA200CED0BB /* Debug */,
				EA579F3917CECAA200CED0BB /* Release */,
			);
			defaultConfigurationIsVisible = 0;
		};
/* End XCConfigurationList section */
	};
	rootObject = EA579F0017CECAA100CED0BB /* Project object */;
}
