// !$*UTF8*$!
{
	archiveVersion = 1;
	classes = {
	};
	objectVersion = 46;
	objects = {

/* Begin PBXBuildFile section */
		EA579EC817CEB7A600CED0BB /* Foundation.framework in Frameworks */ = {isa = PBXBuildFile; fileRef = EA579EC717CEB7A600CED0BB /* Foundation.framework */; };
		EA579ECA17CEB7A600CED0BB /* CoreGraphics.framework in Frameworks */ = {isa = PBXBuildFile; fileRef = EA579EC917CEB7A600CED0BB /* CoreGraphics.framework */; };
		EA579ECC17CEB7A600CED0BB /* UIKit.framework in Frameworks */ = {isa = PBXBuildFile; fileRef = EA579ECB17CEB7A600CED0BB /* UIKit.framework */; };
		EA579ED217CEB7A600CED0BB /* InfoPlist.strings in Resources */ = {isa = PBXBuildFile; fileRef = EA579ED017CEB7A600CED0BB /* InfoPlist.strings */; };
		EA579ED417CEB7A600CED0BB /* main.m in Sources */ = {isa = PBXBuildFile; fileRef = EA579ED317CEB7A600CED0BB /* main.m */; };
		EA579ED817CEB7A600CED0BB /* NerdfeedAppDelegate.m in Sources */ = {isa = PBXBuildFile; fileRef = EA579ED717CEB7A600CED0BB /* NerdfeedAppDelegate.m */; };
		EA579EDA17CEB7A600CED0BB /* Images.xcassets in Resources */ = {isa = PBXBuildFile; fileRef = EA579ED917CEB7A600CED0BB /* Images.xcassets */; };
		EA579EE117CEB7A700CED0BB /* XCTest.framework in Frameworks */ = {isa = PBXBuildFile; fileRef = EA579EE017CEB7A700CED0BB /* XCTest.framework */; };
		EA579EE217CEB7A700CED0BB /* Foundation.framework in Frameworks */ = {isa = PBXBuildFile; fileRef = EA579EC717CEB7A600CED0BB /* Foundation.framework */; };
		EA579EE317CEB7A700CED0BB /* UIKit.framework in Frameworks */ = {isa = PBXBuildFile; fileRef = EA579ECB17CEB7A600CED0BB /* UIKit.framework */; };
		EA579EEB17CEB7A700CED0BB /* InfoPlist.strings in Resources */ = {isa = PBXBuildFile; fileRef = EA579EE917CEB7A700CED0BB /* InfoPlist.strings */; };
		EA579EED17CEB7A700CED0BB /* NerdfeedTests.m in Sources */ = {isa = PBXBuildFile; fileRef = EA579EEC17CEB7A700CED0BB /* NerdfeedTests.m */; };
		EA579EF817CEB89D00CED0BB /* ListViewController.m in Sources */ = {isa = PBXBuildFile; fileRef = EA579EF717CEB7BB00CED0BB /* ListViewController.m */; };
		EA579EFB17CEBE1400CED0BB /* RSSChannel.m in Sources */ = {isa = PBXBuildFile; fileRef = EA579EFA17CEBD6A00CED0BB /* RSSChannel.m */; };
		EA579EFE17CEC4D500CED0BB /* RSSItem.m in Sources */ = {isa = PBXBuildFile; fileRef = EA579EFD17CEC4D500CED0BB /* RSSItem.m */; };
		EA579F3F17CEFA7A00CED0BB /* BNRFeedStore.m in Sources */ = {isa = PBXBuildFile; fileRef = EA579F3E17CEFA7A00CED0BB /* BNRFeedStore.m */; };
		EA935D9517CEFF3300FC5A56 /* BNRConnection.m in Sources */ = {isa = PBXBuildFile; fileRef = EA935D9417CEFF3300FC5A56 /* BNRConnection.m */; };
		EA935D9717CF0A5A00FC5A56 /* JSONSerializable.h in Sources */ = {isa = PBXBuildFile; fileRef = EA935D9617CF080700FC5A56 /* JSONSerializable.h */; };
/* End PBXBuildFile section */

/* Begin PBXContainerItemProxy section */
		EA579EE417CEB7A700CED0BB /* PBXContainerItemProxy */ = {
			isa = PBXContainerItemProxy;
			containerPortal = EA579EBC17CEB7A600CED0BB /* Project object */;
			proxyType = 1;
			remoteGlobalIDString = EA579EC317CEB7A600CED0BB;
			remoteInfo = Nerdfeed;
		};
/* End PBXContainerItemProxy section */

/* Begin PBXFileReference section */
		EA579EC417CEB7A600CED0BB /* Nerdfeed.app */ = {isa = PBXFileReference; explicitFileType = wrapper.application; includeInIndex = 0; path = Nerdfeed.app; sourceTree = BUILT_PRODUCTS_DIR; };
		EA579EC717CEB7A600CED0BB /* Foundation.framework */ = {isa = PBXFileReference; lastKnownFileType = wrapper.framework; name = Foundation.framework; path = System/Library/Frameworks/Foundation.framework; sourceTree = SDKROOT; };
		EA579EC917CEB7A600CED0BB /* CoreGraphics.framework */ = {isa = PBXFileReference; lastKnownFileType = wrapper.framework; name = CoreGraphics.framework; path = System/Library/Frameworks/CoreGraphics.framework; sourceTree = SDKROOT; };
		EA579ECB17CEB7A600CED0BB /* UIKit.framework */ = {isa = PBXFileReference; lastKnownFileType = wrapper.framework; name = UIKit.framework; path = System/Library/Frameworks/UIKit.framework; sourceTree = SDKROOT; };
		EA579ECF17CEB7A600CED0BB /* Nerdfeed-Info.plist */ = {isa = PBXFileReference; lastKnownFileType = text.plist.xml; path = "Nerdfeed-Info.plist"; sourceTree = "<group>"; };
		EA579ED117CEB7A600CED0BB /* en */ = {isa = PBXFileReference; lastKnownFileType = text.plist.strings; name = en; path = en.lproj/InfoPlist.strings; sourceTree = "<group>"; };
		EA579ED317CEB7A600CED0BB /* main.m */ = {isa = PBXFileReference; lastKnownFileType = sourcecode.c.objc; path = main.m; sourceTree = "<group>"; };
		EA579ED517CEB7A600CED0BB /* Nerdfeed-Prefix.pch */ = {isa = PBXFileReference; lastKnownFileType = sourcecode.c.h; path = "Nerdfeed-Prefix.pch"; sourceTree = "<group>"; };
		EA579ED617CEB7A600CED0BB /* NerdfeedAppDelegate.h */ = {isa = PBXFileReference; lastKnownFileType = sourcecode.c.h; path = NerdfeedAppDelegate.h; sourceTree = "<group>"; };
		EA579ED717CEB7A600CED0BB /* NerdfeedAppDelegate.m */ = {isa = PBXFileReference; lastKnownFileType = sourcecode.c.objc; path = NerdfeedAppDelegate.m; sourceTree = "<group>"; };
		EA579ED917CEB7A600CED0BB /* Images.xcassets */ = {isa = PBXFileReference; lastKnownFileType = folder.assetcatalog; path = Images.xcassets; sourceTree = "<group>"; };
		EA579EDF17CEB7A700CED0BB /* NerdfeedTests.xctest */ = {isa = PBXFileReference; explicitFileType = wrapper.cfbundle; includeInIndex = 0; path = NerdfeedTests.xctest; sourceTree = BUILT_PRODUCTS_DIR; };
		EA579EE017CEB7A700CED0BB /* XCTest.framework */ = {isa = PBXFileReference; lastKnownFileType = wrapper.framework; name = XCTest.framework; path = Library/Frameworks/XCTest.framework; sourceTree = DEVELOPER_DIR; };
		EA579EE817CEB7A700CED0BB /* NerdfeedTests-Info.plist */ = {isa = PBXFileReference; lastKnownFileType = text.plist.xml; path = "NerdfeedTests-Info.plist"; sourceTree = "<group>"; };
		EA579EEA17CEB7A700CED0BB /* en */ = {isa = PBXFileReference; lastKnownFileType = text.plist.strings; name = en; path = en.lproj/InfoPlist.strings; sourceTree = "<group>"; };
		EA579EEC17CEB7A700CED0BB /* NerdfeedTests.m */ = {isa = PBXFileReference; lastKnownFileType = sourcecode.c.objc; path = NerdfeedTests.m; sourceTree = "<group>"; };
		EA579EF617CEB7BB00CED0BB /* ListViewController.h */ = {isa = PBXFileReference; lastKnownFileType = sourcecode.c.h; name = ListViewController.h; path = ../ListViewController.h; sourceTree = "<group>"; };
		EA579EF717CEB7BB00CED0BB /* ListViewController.m */ = {isa = PBXFileReference; lastKnownFileType = sourcecode.c.objc; name = ListViewController.m; path = ../ListViewController.m; sourceTree = "<group>"; };
		EA579EF917CEBD6A00CED0BB /* RSSChannel.h */ = {isa = PBXFileReference; lastKnownFileType = sourcecode.c.h; path = RSSChannel.h; sourceTree = "<group>"; };
		EA579EFA17CEBD6A00CED0BB /* RSSChannel.m */ = {isa = PBXFileReference; lastKnownFileType = sourcecode.c.objc; path = RSSChannel.m; sourceTree = "<group>"; };
		EA579EFC17CEC4D500CED0BB /* RSSItem.h */ = {isa = PBXFileReference; fileEncoding = 4; lastKnownFileType = sourcecode.c.h; path = RSSItem.h; sourceTree = "<group>"; };
		EA579EFD17CEC4D500CED0BB /* RSSItem.m */ = {isa = PBXFileReference; fileEncoding = 4; lastKnownFileType = sourcecode.c.objc; path = RSSItem.m; sourceTree = "<group>"; };
		EA579F3D17CEFA7A00CED0BB /* BNRFeedStore.h */ = {isa = PBXFileReference; fileEncoding = 4; lastKnownFileType = sourcecode.c.h; path = BNRFeedStore.h; sourceTree = "<group>"; };
		EA579F3E17CEFA7A00CED0BB /* BNRFeedStore.m */ = {isa = PBXFileReference; fileEncoding = 4; lastKnownFileType = sourcecode.c.objc; path = BNRFeedStore.m; sourceTree = "<group>"; };
		EA935D9317CEFF3300FC5A56 /* BNRConnection.h */ = {isa = PBXFileReference; fileEncoding = 4; lastKnownFileType = sourcecode.c.h; path = BNRConnection.h; sourceTree = "<group>"; };
		EA935D9417CEFF3300FC5A56 /* BNRConnection.m */ = {isa = PBXFileReference; fileEncoding = 4; lastKnownFileType = sourcecode.c.objc; path = BNRConnection.m; sourceTree = "<group>"; };
		EA935D9617CF080700FC5A56 /* JSONSerializable.h */ = {isa = PBXFileReference; fileEncoding = 4; lastKnownFileType = sourcecode.c.h; path = JSONSerializable.h; sourceTree = "<group>"; };
/* End PBXFileReference section */

/* Begin PBXFrameworksBuildPhase section */
		EA579EC117CEB7A600CED0BB /* Frameworks */ = {
			isa = PBXFrameworksBuildPhase;
			buildActionMask = 2147483647;
			files = (
				EA579ECA17CEB7A600CED0BB /* CoreGraphics.framework in Frameworks */,
				EA579ECC17CEB7A600CED0BB /* UIKit.framework in Frameworks */,
				EA579EC817CEB7A600CED0BB /* Foundation.framework in Frameworks */,
			);
			runOnlyForDeploymentPostprocessing = 0;
		};
		EA579EDC17CEB7A700CED0BB /* Frameworks */ = {
			isa = PBXFrameworksBuildPhase;
			buildActionMask = 2147483647;
			files = (
				EA579EE117CEB7A700CED0BB /* XCTest.framework in Frameworks */,
				EA579EE317CEB7A700CED0BB /* UIKit.framework in Frameworks */,
				EA579EE217CEB7A700CED0BB /* Foundation.framework in Frameworks */,
			);
			runOnlyForDeploymentPostprocessing = 0;
		};
/* End PBXFrameworksBuildPhase section */

/* Begin PBXGroup section */
		EA579EBB17CEB7A600CED0BB = {
			isa = PBXGroup;
			children = (
				EA579ECD17CEB7A600CED0BB /* Nerdfeed */,
				EA579EE617CEB7A700CED0BB /* NerdfeedTests */,
				EA579EC617CEB7A600CED0BB /* Frameworks */,
				EA579EC517CEB7A600CED0BB /* Products */,
			);
			sourceTree = "<group>";
		};
		EA579EC517CEB7A600CED0BB /* Products */ = {
			isa = PBXGroup;
			children = (
				EA579EC417CEB7A600CED0BB /* Nerdfeed.app */,
				EA579EDF17CEB7A700CED0BB /* NerdfeedTests.xctest */,
			);
			name = Products;
			sourceTree = "<group>";
		};
		EA579EC617CEB7A600CED0BB /* Frameworks */ = {
			isa = PBXGroup;
			children = (
				EA579EC717CEB7A600CED0BB /* Foundation.framework */,
				EA579EC917CEB7A600CED0BB /* CoreGraphics.framework */,
				EA579ECB17CEB7A600CED0BB /* UIKit.framework */,
				EA579EE017CEB7A700CED0BB /* XCTest.framework */,
			);
			name = Frameworks;
			sourceTree = "<group>";
		};
		EA579ECD17CEB7A600CED0BB /* Nerdfeed */ = {
			isa = PBXGroup;
			children = (
				EA579EF617CEB7BB00CED0BB /* ListViewController.h */,
				EA579EF717CEB7BB00CED0BB /* ListViewController.m */,
				EA579F3D17CEFA7A00CED0BB /* BNRFeedStore.h */,
				EA579F3E17CEFA7A00CED0BB /* BNRFeedStore.m */,
				EA935D9317CEFF3300FC5A56 /* BNRConnection.h */,
				EA935D9417CEFF3300FC5A56 /* BNRConnection.m */,
				EA579EF917CEBD6A00CED0BB /* RSSChannel.h */,
				EA579EFA17CEBD6A00CED0BB /* RSSChannel.m */,
				EA579EFC17CEC4D500CED0BB /* RSSItem.h */,
				EA579EFD17CEC4D500CED0BB /* RSSItem.m */,
				EA579ED617CEB7A600CED0BB /* NerdfeedAppDelegate.h */,
				EA579ED717CEB7A600CED0BB /* NerdfeedAppDelegate.m */,
				EA935D9617CF080700FC5A56 /* JSONSerializable.h */,
				EA579ED917CEB7A600CED0BB /* Images.xcassets */,
				EA579ECE17CEB7A600CED0BB /* Supporting Files */,
			);
			path = Nerdfeed;
			sourceTree = "<group>";
		};
		EA579ECE17CEB7A600CED0BB /* Supporting Files */ = {
			isa = PBXGroup;
			children = (
				EA579ECF17CEB7A600CED0BB /* Nerdfeed-Info.plist */,
				EA579ED017CEB7A600CED0BB /* InfoPlist.strings */,
				EA579ED317CEB7A600CED0BB /* main.m */,
				EA579ED517CEB7A600CED0BB /* Nerdfeed-Prefix.pch */,
			);
			name = "Supporting Files";
			sourceTree = "<group>";
		};
		EA579EE617CEB7A700CED0BB /* NerdfeedTests */ = {
			isa = PBXGroup;
			children = (
				EA579EEC17CEB7A700CED0BB /* NerdfeedTests.m */,
				EA579EE717CEB7A700CED0BB /* Supporting Files */,
			);
			path = NerdfeedTests;
			sourceTree = "<group>";
		};
		EA579EE717CEB7A700CED0BB /* Supporting Files */ = {
			isa = PBXGroup;
			children = (
				EA579EE817CEB7A700CED0BB /* NerdfeedTests-Info.plist */,
				EA579EE917CEB7A700CED0BB /* InfoPlist.strings */,
			);
			name = "Supporting Files";
			sourceTree = "<group>";
		};
/* End PBXGroup section */

/* Begin PBXNativeTarget section */
		EA579EC317CEB7A600CED0BB /* Nerdfeed */ = {
			isa = PBXNativeTarget;
			buildConfigurationList = EA579EF017CEB7A700CED0BB /* Build configuration list for PBXNativeTarget "Nerdfeed" */;
			buildPhases = (
				EA579EC017CEB7A600CED0BB /* Sources */,
				EA579EC117CEB7A600CED0BB /* Frameworks */,
				EA579EC217CEB7A600CED0BB /* Resources */,
			);
			buildRules = (
			);
			dependencies = (
			);
			name = Nerdfeed;
			productName = Nerdfeed;
			productReference = EA579EC417CEB7A600CED0BB /* Nerdfeed.app */;
			productType = "com.apple.product-type.application";
		};
		EA579EDE17CEB7A700CED0BB /* NerdfeedTests */ = {
			isa = PBXNativeTarget;
			buildConfigurationList = EA579EF317CEB7A700CED0BB /* Build configuration list for PBXNativeTarget "NerdfeedTests" */;
			buildPhases = (
				EA579EDB17CEB7A700CED0BB /* Sources */,
				EA579EDC17CEB7A700CED0BB /* Frameworks */,
				EA579EDD17CEB7A700CED0BB /* Resources */,
			);
			buildRules = (
			);
			dependencies = (
				EA579EE517CEB7A700CED0BB /* PBXTargetDependency */,
			);
			name = NerdfeedTests;
			productName = NerdfeedTests;
			productReference = EA579EDF17CEB7A700CED0BB /* NerdfeedTests.xctest */;
			productType = "com.apple.product-type.bundle.unit-test";
		};
/* End PBXNativeTarget section */

/* Begin PBXProject section */
		EA579EBC17CEB7A600CED0BB /* Project object */ = {
			isa = PBXProject;
			attributes = {
				CLASSPREFIX = Nerdfeed;
				LastUpgradeCheck = 0500;
				ORGANIZATIONNAME = "Erin Parker";
				TargetAttributes = {
					EA579EDE17CEB7A700CED0BB = {
						TestTargetID = EA579EC317CEB7A600CED0BB;
					};
				};
			};
			buildConfigurationList = EA579EBF17CEB7A600CED0BB /* Build configuration list for PBXProject "Nerdfeed" */;
			compatibilityVersion = "Xcode 3.2";
			developmentRegion = English;
			hasScannedForEncodings = 0;
			knownRegions = (
				en,
			);
			mainGroup = EA579EBB17CEB7A600CED0BB;
			productRefGroup = EA579EC517CEB7A600CED0BB /* Products */;
			projectDirPath = "";
			projectRoot = "";
			targets = (
				EA579EC317CEB7A600CED0BB /* Nerdfeed */,
				EA579EDE17CEB7A700CED0BB /* NerdfeedTests */,
			);
		};
/* End PBXProject section */

/* Begin PBXResourcesBuildPhase section */
		EA579EC217CEB7A600CED0BB /* Resources */ = {
			isa = PBXResourcesBuildPhase;
			buildActionMask = 2147483647;
			files = (
				EA579ED217CEB7A600CED0BB /* InfoPlist.strings in Resources */,
				EA579EDA17CEB7A600CED0BB /* Images.xcassets in Resources */,
			);
			runOnlyForDeploymentPostprocessing = 0;
		};
		EA579EDD17CEB7A700CED0BB /* Resources */ = {
			isa = PBXResourcesBuildPhase;
			buildActionMask = 2147483647;
			files = (
				EA579EEB17CEB7A700CED0BB /* InfoPlist.strings in Resources */,
			);
			runOnlyForDeploymentPostprocessing = 0;
		};
/* End PBXResourcesBuildPhase section */

/* Begin PBXSourcesBuildPhase section */
		EA579EC017CEB7A600CED0BB /* Sources */ = {
			isa = PBXSourcesBuildPhase;
			buildActionMask = 2147483647;
			files = (
				EA935D9717CF0A5A00FC5A56 /* JSONSerializable.h in Sources */,
				EA579F3F17CEFA7A00CED0BB /* BNRFeedStore.m in Sources */,
				EA579EFB17CEBE1400CED0BB /* RSSChannel.m in Sources */,
				EA935D9517CEFF3300FC5A56 /* BNRConnection.m in Sources */,
				EA579EFE17CEC4D500CED0BB /* RSSItem.m in Sources */,
				EA579EF817CEB89D00CED0BB /* ListViewController.m in Sources */,
				EA579ED417CEB7A600CED0BB /* main.m in Sources */,
				EA579ED817CEB7A600CED0BB /* NerdfeedAppDelegate.m in Sources */,
			);
			runOnlyForDeploymentPostprocessing = 0;
		};
		EA579EDB17CEB7A700CED0BB /* Sources */ = {
			isa = PBXSourcesBuildPhase;
			buildActionMask = 2147483647;
			files = (
				EA579EED17CEB7A700CED0BB /* NerdfeedTests.m in Sources */,
			);
			runOnlyForDeploymentPostprocessing = 0;
		};
/* End PBXSourcesBuildPhase section */

/* Begin PBXTargetDependency section */
		EA579EE517CEB7A700CED0BB /* PBXTargetDependency */ = {
			isa = PBXTargetDependency;
			target = EA579EC317CEB7A600CED0BB /* Nerdfeed */;
			targetProxy = EA579EE417CEB7A700CED0BB /* PBXContainerItemProxy */;
		};
/* End PBXTargetDependency section */

/* Begin PBXVariantGroup section */
		EA579ED017CEB7A600CED0BB /* InfoPlist.strings */ = {
			isa = PBXVariantGroup;
			children = (
				EA579ED117CEB7A600CED0BB /* en */,
			);
			name = InfoPlist.strings;
			sourceTree = "<group>";
		};
		EA579EE917CEB7A700CED0BB /* InfoPlist.strings */ = {
			isa = PBXVariantGroup;
			children = (
				EA579EEA17CEB7A700CED0BB /* en */,
			);
			name = InfoPlist.strings;
			sourceTree = "<group>";
		};
/* End PBXVariantGroup section */

/* Begin XCBuildConfiguration section */
		EA579EEE17CEB7A700CED0BB /* Debug */ = {
			isa = XCBuildConfiguration;
			buildSettings = {
				ALWAYS_SEARCH_USER_PATHS = NO;
				CLANG_CXX_LANGUAGE_STANDARD = "gnu++0x";
				CLANG_CXX_LIBRARY = "libc++";
				CLANG_ENABLE_MODULES = YES;
				CLANG_ENABLE_OBJC_ARC = YES;
				CLANG_WARN_BOOL_CONVERSION = YES;
				CLANG_WARN_CONSTANT_CONVERSION = YES;
				CLANG_WARN_DIRECT_OBJC_ISA_USAGE = YES_ERROR;
				CLANG_WARN_EMPTY_BODY = YES;
				CLANG_WARN_ENUM_CONVERSION = YES;
				CLANG_WARN_INT_CONVERSION = YES;
				CLANG_WARN_OBJC_ROOT_CLASS = YES_ERROR;
				CLANG_WARN__DUPLICATE_METHOD_MATCH = YES;
				"CODE_SIGN_IDENTITY[sdk=iphoneos*]" = "iPhone Developer";
				COPY_PHASE_STRIP = NO;
				GCC_C_LANGUAGE_STANDARD = gnu99;
				GCC_DYNAMIC_NO_PIC = NO;
				GCC_OPTIMIZATION_LEVEL = 0;
				GCC_PREPROCESSOR_DEFINITIONS = (
					"DEBUG=1",
					"$(inherited)",
				);
				GCC_SYMBOLS_PRIVATE_EXTERN = NO;
				GCC_WARN_ABOUT_RETURN_TYPE = YES_ERROR;
				GCC_WARN_UNDECLARED_SELECTOR = YES;
				GCC_WARN_UNINITIALIZED_AUTOS = YES;
				GCC_WARN_UNUSED_FUNCTION = YES;
				GCC_WARN_UNUSED_VARIABLE = YES;
				IPHONEOS_DEPLOYMENT_TARGET = 7.0;
				ONLY_ACTIVE_ARCH = YES;
				SDKROOT = iphoneos;
			};
			name = Debug;
		};
		EA579EEF17CEB7A700CED0BB /* Release */ = {
			isa = XCBuildConfiguration;
			buildSettings = {
				ALWAYS_SEARCH_USER_PATHS = NO;
				CLANG_CXX_LANGUAGE_STANDARD = "gnu++0x";
				CLANG_CXX_LIBRARY = "libc++";
				CLANG_ENABLE_MODULES = YES;
				CLANG_ENABLE_OBJC_ARC = YES;
				CLANG_WARN_BOOL_CONVERSION = YES;
				CLANG_WARN_CONSTANT_CONVERSION = YES;
				CLANG_WARN_DIRECT_OBJC_ISA_USAGE = YES_ERROR;
				CLANG_WARN_EMPTY_BODY = YES;
				CLANG_WARN_ENUM_CONVERSION = YES;
				CLANG_WARN_INT_CONVERSION = YES;
				CLANG_WARN_OBJC_ROOT_CLASS = YES_ERROR;
				CLANG_WARN__DUPLICATE_METHOD_MATCH = YES;
				"CODE_SIGN_IDENTITY[sdk=iphoneos*]" = "iPhone Developer";
				COPY_PHASE_STRIP = YES;
				ENABLE_NS_ASSERTIONS = NO;
				GCC_C_LANGUAGE_STANDARD = gnu99;
				GCC_WARN_ABOUT_RETURN_TYPE = YES_ERROR;
				GCC_WARN_UNDECLARED_SELECTOR = YES;
				GCC_WARN_UNINITIALIZED_AUTOS = YES;
				GCC_WARN_UNUSED_FUNCTION = YES;
				GCC_WARN_UNUSED_VARIABLE = YES;
				IPHONEOS_DEPLOYMENT_TARGET = 7.0;
				SDKROOT = iphoneos;
				VALIDATE_PRODUCT = YES;
			};
			name = Release;
		};
		EA579EF117CEB7A700CED0BB /* Debug */ = {
			isa = XCBuildConfiguration;
			buildSettings = {
				ASSETCATALOG_COMPILER_APPICON_NAME = AppIcon;
				ASSETCATALOG_COMPILER_LAUNCHIMAGE_NAME = LaunchImage;
				GCC_PRECOMPILE_PREFIX_HEADER = YES;
				GCC_PREFIX_HEADER = "Nerdfeed/Nerdfeed-Prefix.pch";
				INFOPLIST_FILE = "Nerdfeed/Nerdfeed-Info.plist";
				PRODUCT_NAME = "$(TARGET_NAME)";
				WRAPPER_EXTENSION = app;
			};
			name = Debug;
		};
		EA579EF217CEB7A700CED0BB /* Release */ = {
			isa = XCBuildConfiguration;
			buildSettings = {
				ASSETCATALOG_COMPILER_APPICON_NAME = AppIcon;
				ASSETCATALOG_COMPILER_LAUNCHIMAGE_NAME = LaunchImage;
				GCC_PRECOMPILE_PREFIX_HEADER = YES;
				GCC_PREFIX_HEADER = "Nerdfeed/Nerdfeed-Prefix.pch";
				INFOPLIST_FILE = "Nerdfeed/Nerdfeed-Info.plist";
				PRODUCT_NAME = "$(TARGET_NAME)";
				WRAPPER_EXTENSION = app;
			};
			name = Release;
		};
		EA579EF417CEB7A700CED0BB /* Debug */ = {
			isa = XCBuildConfiguration;
			buildSettings = {
				BUNDLE_LOADER = "$(BUILT_PRODUCTS_DIR)/Nerdfeed.app/Nerdfeed";
				FRAMEWORK_SEARCH_PATHS = (
					"$(SDKROOT)/Developer/Library/Frameworks",
					"$(inherited)",
					"$(DEVELOPER_FRAMEWORKS_DIR)",
				);
				GCC_PRECOMPILE_PREFIX_HEADER = YES;
				GCC_PREFIX_HEADER = "Nerdfeed/Nerdfeed-Prefix.pch";
				GCC_PREPROCESSOR_DEFINITIONS = (
					"DEBUG=1",
					"$(inherited)",
				);
				INFOPLIST_FILE = "NerdfeedTests/NerdfeedTests-Info.plist";
				PRODUCT_NAME = "$(TARGET_NAME)";
				TEST_HOST = "$(BUNDLE_LOADER)";
				WRAPPER_EXTENSION = xctest;
			};
			name = Debug;
		};
		EA579EF517CEB7A700CED0BB /* Release */ = {
			isa = XCBuildConfiguration;
			buildSettings = {
				BUNDLE_LOADER = "$(BUILT_PRODUCTS_DIR)/Nerdfeed.app/Nerdfeed";
				FRAMEWORK_SEARCH_PATHS = (
					"$(SDKROOT)/Developer/Library/Frameworks",
					"$(inherited)",
					"$(DEVELOPER_FRAMEWORKS_DIR)",
				);
				GCC_PRECOMPILE_PREFIX_HEADER = YES;
				GCC_PREFIX_HEADER = "Nerdfeed/Nerdfeed-Prefix.pch";
				INFOPLIST_FILE = "NerdfeedTests/NerdfeedTests-Info.plist";
				PRODUCT_NAME = "$(TARGET_NAME)";
				TEST_HOST = "$(BUNDLE_LOADER)";
				WRAPPER_EXTENSION = xctest;
			};
			name = Release;
		};
/* End XCBuildConfiguration section */

/* Begin XCConfigurationList section */
		EA579EBF17CEB7A600CED0BB /* Build configuration list for PBXProject "Nerdfeed" */ = {
			isa = XCConfigurationList;
			buildConfigurations = (
				EA579EEE17CEB7A700CED0BB /* Debug */,
				EA579EEF17CEB7A700CED0BB /* Release */,
			);
			defaultConfigurationIsVisible = 0;
			defaultConfigurationName = Release;
		};
		EA579EF017CEB7A700CED0BB /* Build configuration list for PBXNativeTarget "Nerdfeed" */ = {
			isa = XCConfigurationList;
			buildConfigurations = (
				EA579EF117CEB7A700CED0BB /* Debug */,
				EA579EF217CEB7A700CED0BB /* Release */,
			);
			defaultConfigurationIsVisible = 0;
			defaultConfigurationName = Release;
		};
		EA579EF317CEB7A700CED0BB /* Build configuration list for PBXNativeTarget "NerdfeedTests" */ = {
			isa = XCConfigurationList;
			buildConfigurations = (
				EA579EF417CEB7A700CED0BB /* Debug */,
				EA579EF517CEB7A700CED0BB /* Release */,
			);
			defaultConfigurationIsVisible = 0;
			defaultConfigurationName = Release;
		};
/* End XCConfigurationList section */
	};
	rootObject = EA579EBC17CEB7A600CED0BB /* Project object */;
}
